
Microsoft Visual Studio Solution File, Format Version 12.00
# Visual Studio Version 17
VisualStudioVersion = 17.14.36202.13 d17.14
MinimumVisualStudioVersion = 10.0.40219.1
Project("{2150E333-8FDC-42A3-9474-1A3956D46DE8}") = "Bai_1", "Bai_1", "{02EA681E-C7D8-13C7-8484-4AC65E1B71E8}"
EndProject
Project("{FAE04EC0-301F-11D3-BF4B-00C04F79EFBC}") = "Client_1", "Client_1\Client_1.csproj", "{FD07E789-6247-4D04-9B21-6B6246B24173}"
EndProject
Project("{FAE04EC0-301F-11D3-BF4B-00C04F79EFBC}") = "Client_2", "Client_2\Client_2.csproj", "{C8CD6C3B-7BD1-49DF-AF3D-7CB6452CE6A9}"
EndProject
Project("{FAE04EC0-301F-11D3-BF4B-00C04F79EFBC}") = "Server", "Server\Server.csproj", "{8386F4A2-210E-43D3-AE2E-BFF37347C778}"
EndProject
Project("{2150E333-8FDC-42A3-9474-1A3956D46DE8}") = "Bai_2", "Bai_2", "{95756150-2CA4-436F-9542-4CB9866AAE4F}"
EndProject
Project("{FAE04EC0-301F-11D3-BF4B-00C04F79EFBC}") = "B2-Client_1", "B2-Client_1\B2-Client_1.csproj", "{B8454535-292F-4DF0-B693-CBAF1BCB93BA}"
EndProject
Project("{FAE04EC0-301F-11D3-BF4B-00C04F79EFBC}") = "B2-Client_2", "B2-Client_2\B2-Client_2.csproj", "{F866EE3E-4A27-4AC3-8A74-E170D6C40D4E}"
EndProject
Project("{FAE04EC0-301F-11D3-BF4B-00C04F79EFBC}") = "B2-Server", "B2-Server\B2-Server.csproj", "{0EF8CE92-7D7F-47FA-AFE1-E720087780C8}"
EndProject
Global
	GlobalSection(SolutionConfigurationPlatforms) = preSolution
		Debug|Any CPU = Debug|Any CPU
		Release|Any CPU = Release|Any CPU
	EndGlobalSection
	GlobalSection(ProjectConfigurationPlatforms) = postSolution
		{FD07E789-6247-4D04-9B21-6B6246B24173}.Debug|Any CPU.ActiveCfg = Debug|Any CPU
		{FD07E789-6247-4D04-9B21-6B6246B24173}.Debug|Any CPU.Build.0 = Debug|Any CPU
		{FD07E789-6247-4D04-9B21-6B6246B24173}.Release|Any CPU.ActiveCfg = Release|Any CPU
		{FD07E789-6247-4D04-9B21-6B6246B24173}.Release|Any CPU.Build.0 = Release|Any CPU
		{C8CD6C3B-7BD1-49DF-AF3D-7CB6452CE6A9}.Debug|Any CPU.ActiveCfg = Debug|Any CPU
		{C8CD6C3B-7BD1-49DF-AF3D-7CB6452CE6A9}.Debug|Any CPU.Build.0 = Debug|Any CPU
		{C8CD6C3B-7BD1-49DF-AF3D-7CB6452CE6A9}.Release|Any CPU.ActiveCfg = Release|Any CPU
		{C8CD6C3B-7BD1-49DF-AF3D-7CB6452CE6A9}.Release|Any CPU.Build.0 = Release|Any CPU
		{8386F4A2-210E-43D3-AE2E-BFF37347C778}.Debug|Any CPU.ActiveCfg = Debug|Any CPU
		{8386F4A2-210E-43D3-AE2E-BFF37347C778}.Debug|Any CPU.Build.0 = Debug|Any CPU
		{8386F4A2-210E-43D3-AE2E-BFF37347C778}.Release|Any CPU.ActiveCfg = Release|Any CPU
		{8386F4A2-210E-43D3-AE2E-BFF37347C778}.Release|Any CPU.Build.0 = Release|Any CPU
		{B8454535-292F-4DF0-B693-CBAF1BCB93BA}.Debug|Any CPU.ActiveCfg = Debug|Any CPU
		{B8454535-292F-4DF0-B693-CBAF1BCB93BA}.Debug|Any CPU.Build.0 = Debug|Any CPU
		{B8454535-292F-4DF0-B693-CBAF1BCB93BA}.Release|Any CPU.ActiveCfg = Release|Any CPU
		{B8454535-292F-4DF0-B693-CBAF1BCB93BA}.Release|Any CPU.Build.0 = Release|Any CPU
		{F866EE3E-4A27-4AC3-8A74-E170D6C40D4E}.Debug|Any CPU.ActiveCfg = Debug|Any CPU
		{F866EE3E-4A27-4AC3-8A74-E170D6C40D4E}.Debug|Any CPU.Build.0 = Debug|Any CPU
		{F866EE3E-4A27-4AC3-8A74-E170D6C40D4E}.Release|Any CPU.ActiveCfg = Release|Any CPU
		{F866EE3E-4A27-4AC3-8A74-E170D6C40D4E}.Release|Any CPU.Build.0 = Release|Any CPU
		{0EF8CE92-7D7F-47FA-AFE1-E720087780C8}.Debug|Any CPU.ActiveCfg = Debug|Any CPU
		{0EF8CE92-7D7F-47FA-AFE1-E720087780C8}.Debug|Any CPU.Build.0 = Debug|Any CPU
		{0EF8CE92-7D7F-47FA-AFE1-E720087780C8}.Release|Any CPU.ActiveCfg = Release|Any CPU
		{0EF8CE92-7D7F-47FA-AFE1-E720087780C8}.Release|Any CPU.Build.0 = Release|Any CPU
	EndGlobalSection
	GlobalSection(SolutionProperties) = preSolution
		HideSolutionNode = FALSE
	EndGlobalSection
	GlobalSection(NestedProjects) = preSolution
		{FD07E789-6247-4D04-9B21-6B6246B24173} = {02EA681E-C7D8-13C7-8484-4AC65E1B71E8}
		{C8CD6C3B-7BD1-49DF-AF3D-7CB6452CE6A9} = {02EA681E-C7D8-13C7-8484-4AC65E1B71E8}
		{8386F4A2-210E-43D3-AE2E-BFF37347C778} = {02EA681E-C7D8-13C7-8484-4AC65E1B71E8}
		{B8454535-292F-4DF0-B693-CBAF1BCB93BA} = {95756150-2CA4-436F-9542-4CB9866AAE4F}
		{F866EE3E-4A27-4AC3-8A74-E170D6C40D4E} = {95756150-2CA4-436F-9542-4CB9866AAE4F}
		{0EF8CE92-7D7F-47FA-AFE1-E720087780C8} = {95756150-2CA4-436F-9542-4CB9866AAE4F}
	EndGlobalSection
	GlobalSection(ExtensibilityGlobals) = postSolution
		SolutionGuid = {C7F5CE8E-6269-4674-9808-200E0B38C660}
	EndGlobalSection
EndGlobal
