
Microsoft Visual Studio Solution File, Format Version 12.00
# Visual Studio Version 17
VisualStudioVersion = 17.14.36202.13 d17.14
MinimumVisualStudioVersion = 10.0.40219.1
Project("{FAE04EC0-301F-11D3-BF4B-00C04F79EFBC}") = "Client", "Client\Client.csproj", "{7149FB6E-E16F-4969-96B6-ED130588C5AA}"
EndProject
Project("{FAE04EC0-301F-11D3-BF4B-00C04F79EFBC}") = "Server", "Server\Server.csproj", "{973D000A-0975-4AE2-8D3C-CF4040AF0D64}"
EndProject
Global
	GlobalSection(SolutionConfigurationPlatforms) = preSolution
		Debug|Any CPU = Debug|Any CPU
		Release|Any CPU = Release|Any CPU
	EndGlobalSection
	GlobalSection(ProjectConfigurationPlatforms) = postSolution
		{7149FB6E-E16F-4969-96B6-ED130588C5AA}.Debug|Any CPU.ActiveCfg = Debug|Any CPU
		{7149FB6E-E16F-4969-96B6-ED130588C5AA}.Debug|Any CPU.Build.0 = Debug|Any CPU
		{7149FB6E-E16F-4969-96B6-ED130588C5AA}.Release|Any CPU.ActiveCfg = Release|Any CPU
		{7149FB6E-E16F-4969-96B6-ED130588C5AA}.Release|Any CPU.Build.0 = Release|Any CPU
		{973D000A-0975-4AE2-8D3C-CF4040AF0D64}.Debug|Any CPU.ActiveCfg = Debug|Any CPU
		{973D000A-0975-4AE2-8D3C-CF4040AF0D64}.Debug|Any CPU.Build.0 = Debug|Any CPU
		{973D000A-0975-4AE2-8D3C-CF4040AF0D64}.Release|Any CPU.ActiveCfg = Release|Any CPU
		{973D000A-0975-4AE2-8D3C-CF4040AF0D64}.Release|Any CPU.Build.0 = Release|Any CPU
	EndGlobalSection
	GlobalSection(SolutionProperties) = preSolution
		HideSolutionNode = FALSE
	EndGlobalSection
	GlobalSection(ExtensibilityGlobals) = postSolution
		SolutionGuid = {0A934D37-193B-4B81-A979-FD03F7E18B62}
	EndGlobalSection
EndGlobal
